// !$*UTF8*$!
{
	archiveVersion = 1;
	classes = {
	};
	objectVersion = 56;
	objects = {

/* Begin PBXBuildFile section */
		B4402C032A31BEB300B1CC46 /* AppDelegate.swift in Sources */ = {isa = PBXBuildFile; fileRef = B4402C022A31BEB300B1CC46 /* AppDelegate.swift */; };
		B4402C052A31BEB300B1CC46 /* SceneDelegate.swift in Sources */ = {isa = PBXBuildFile; fileRef = B4402C042A31BEB300B1CC46 /* SceneDelegate.swift */; };
		B4402C072A31BEB300B1CC46 /* MainViewController.swift in Sources */ = {isa = PBXBuildFile; fileRef = B4402C062A31BEB300B1CC46 /* MainViewController.swift */; };
		B4402C0C2A31BEB500B1CC46 /* Assets.xcassets in Resources */ = {isa = PBXBuildFile; fileRef = B4402C0B2A31BEB500B1CC46 /* Assets.xcassets */; };
		B4402C0F2A31BEB500B1CC46 /* LaunchScreen.storyboard in Resources */ = {isa = PBXBuildFile; fileRef = B4402C0D2A31BEB500B1CC46 /* LaunchScreen.storyboard */; };
		B490B7822A31C19D004F6F15 /* SnapKit in Frameworks */ = {isa = PBXBuildFile; productRef = B490B7812A31C19D004F6F15 /* SnapKit */; };
		B490B7842A31C3CD004F6F15 /* PlayerViewController.swift in Sources */ = {isa = PBXBuildFile; fileRef = B490B7832A31C3CD004F6F15 /* PlayerViewController.swift */; };
/* End PBXBuildFile section */

/* Begin PBXFileReference section */
		B4402BFF2A31BEB300B1CC46 /* Player.app */ = {isa = PBXFileReference; explicitFileType = wrapper.application; includeInIndex = 0; path = Player.app; sourceTree = BUILT_PRODUCTS_DIR; };
		B4402C022A31BEB300B1CC46 /* AppDelegate.swift */ = {isa = PBXFileReference; lastKnownFileType = sourcecode.swift; path = AppDelegate.swift; sourceTree = "<group>"; };
		B4402C042A31BEB300B1CC46 /* SceneDelegate.swift */ = {isa = PBXFileReference; lastKnownFileType = sourcecode.swift; path = SceneDelegate.swift; sourceTree = "<group>"; };
		B4402C062A31BEB300B1CC46 /* MainViewController.swift */ = {isa = PBXFileReference; lastKnownFileType = sourcecode.swift; path = MainViewController.swift; sourceTree = "<group>"; };
		B4402C0B2A31BEB500B1CC46 /* Assets.xcassets */ = {isa = PBXFileReference; lastKnownFileType = folder.assetcatalog; path = Assets.xcassets; sourceTree = "<group>"; };
		B4402C0E2A31BEB500B1CC46 /* Base */ = {isa = PBXFileReference; lastKnownFileType = file.storyboard; name = Base; path = Base.lproj/LaunchScreen.storyboard; sourceTree = "<group>"; };
		B4402C102A31BEB500B1CC46 /* Info.plist */ = {isa = PBXFileReference; lastKnownFileType = text.plist.xml; path = Info.plist; sourceTree = "<group>"; };
		B490B7832A31C3CD004F6F15 /* PlayerViewController.swift */ = {isa = PBXFileReference; lastKnownFileType = sourcecode.swift; path = PlayerViewController.swift; sourceTree = "<group>"; };
/* End PBXFileReference section */

/* Begin PBXFrameworksBuildPhase section */
		B4402BFC2A31BEB300B1CC46 /* Frameworks */ = {
			isa = PBXFrameworksBuildPhase;
			buildActionMask = 2147483647;
			files = (
				B490B7822A31C19D004F6F15 /* SnapKit in Frameworks */,
			);
			runOnlyForDeploymentPostprocessing = 0;
		};
/* End PBXFrameworksBuildPhase section */

/* Begin PBXGroup section */
		B4402BF62A31BEB300B1CC46 = {
			isa = PBXGroup;
			children = (
				B4402C012A31BEB300B1CC46 /* Player */,
				B4402C002A31BEB300B1CC46 /* Products */,
			);
			sourceTree = "<group>";
		};
		B4402C002A31BEB300B1CC46 /* Products */ = {
			isa = PBXGroup;
			children = (
				B4402BFF2A31BEB300B1CC46 /* Player.app */,
			);
			name = Products;
			sourceTree = "<group>";
		};
		B4402C012A31BEB300B1CC46 /* Player */ = {
			isa = PBXGroup;
			children = (
				B4402C022A31BEB300B1CC46 /* AppDelegate.swift */,
				B4402C042A31BEB300B1CC46 /* SceneDelegate.swift */,
				B4402C062A31BEB300B1CC46 /* MainViewController.swift */,
				B490B7832A31C3CD004F6F15 /* PlayerViewController.swift */,
				B4402C0B2A31BEB500B1CC46 /* Assets.xcassets */,
				B4402C0D2A31BEB500B1CC46 /* LaunchScreen.storyboard */,
				B4402C102A31BEB500B1CC46 /* Info.plist */,
			);
			path = Player;
			sourceTree = "<group>";
		};
/* End PBXGroup section */

/* Begin PBXNativeTarget section */
		B4402BFE2A31BEB300B1CC46 /* Player */ = {
			isa = PBXNativeTarget;
			buildConfigurationList = B4402C132A31BEB500B1CC46 /* Build configuration list for PBXNativeTarget "Player" */;
			buildPhases = (
				B4402BFB2A31BEB300B1CC46 /* Sources */,
				B4402BFC2A31BEB300B1CC46 /* Frameworks */,
				B4402BFD2A31BEB300B1CC46 /* Resources */,
			);
			buildRules = (
			);
			dependencies = (
			);
			name = Player;
			packageProductDependencies = (
				B490B7812A31C19D004F6F15 /* SnapKit */,
			);
			productName = Player;
			productReference = B4402BFF2A31BEB300B1CC46 /* Player.app */;
			productType = "com.apple.product-type.application";
		};
/* End PBXNativeTarget section */

/* Begin PBXProject section */
		B4402BF72A31BEB300B1CC46 /* Project object */ = {
			isa = PBXProject;
			attributes = {
				BuildIndependentTargetsInParallel = 1;
				LastSwiftUpdateCheck = 1420;
				LastUpgradeCheck = 1420;
				TargetAttributes = {
					B4402BFE2A31BEB300B1CC46 = {
						CreatedOnToolsVersion = 14.2;
					};
				};
			};
			buildConfigurationList = B4402BFA2A31BEB300B1CC46 /* Build configuration list for PBXProject "Player" */;
			compatibilityVersion = "Xcode 14.0";
			developmentRegion = en;
			hasScannedForEncodings = 0;
			knownRegions = (
				en,
				Base,
			);
			mainGroup = B4402BF62A31BEB300B1CC46;
			packageReferences = (
				B490B7802A31C19D004F6F15 /* XCRemoteSwiftPackageReference "SnapKit" */,
			);
			productRefGroup = B4402C002A31BEB300B1CC46 /* Products */;
			projectDirPath = "";
			projectRoot = "";
			targets = (
				B4402BFE2A31BEB300B1CC46 /* Player */,
			);
		};
/* End PBXProject section */

/* Begin PBXResourcesBuildPhase section */
		B4402BFD2A31BEB300B1CC46 /* Resources */ = {
			isa = PBXResourcesBuildPhase;
			buildActionMask = 2147483647;
			files = (
				B4402C0F2A31BEB500B1CC46 /* LaunchScreen.storyboard in Resources */,
				B4402C0C2A31BEB500B1CC46 /* Assets.xcassets in Resources */,
			);
			runOnlyForDeploymentPostprocessing = 0;
		};
/* End PBXResourcesBuildPhase section */

/* Begin PBXSourcesBuildPhase section */
		B4402BFB2A31BEB300B1CC46 /* Sources */ = {
			isa = PBXSourcesBuildPhase;
			buildActionMask = 2147483647;
			files = (
				B4402C072A31BEB300B1CC46 /* MainViewController.swift in Sources */,
				B490B7842A31C3CD004F6F15 /* PlayerViewController.swift in Sources */,
				B4402C032A31BEB300B1CC46 /* AppDelegate.swift in Sources */,
				B4402C052A31BEB300B1CC46 /* SceneDelegate.swift in Sources */,
			);
			runOnlyForDeploymentPostprocessing = 0;
		};
/* End PBXSourcesBuildPhase section */

/* Begin PBXVariantGroup section */
		B4402C0D2A31BEB500B1CC46 /* LaunchScreen.storyboard */ = {
			isa = PBXVariantGroup;
			children = (
				B4402C0E2A31BEB500B1CC46 /* Base */,
			);
			name = LaunchScreen.storyboard;
			sourceTree = "<group>";
		};
/* End PBXVariantGroup section */

/* Begin XCBuildConfiguration section */
		B4402C112A31BEB500B1CC46 /* Debug */ = {
			isa = XCBuildConfiguration;
			buildSettings = {
				ALWAYS_SEARCH_USER_PATHS = NO;
				CLANG_ANALYZER_NONNULL = YES;
				CLANG_ANALYZER_NUMBER_OBJECT_CONVERSION = YES_AGGRESSIVE;
				CLANG_CXX_LANGUAGE_STANDARD = "gnu++20";
				CLANG_ENABLE_MODULES = YES;
				CLANG_ENABLE_OBJC_ARC = YES;
				CLANG_ENABLE_OBJC_WEAK = YES;
				CLANG_WARN_BLOCK_CAPTURE_AUTORELEASING = YES;
				CLANG_WARN_BOOL_CONVERSION = YES;
				CLANG_WARN_COMMA = YES;
				CLANG_WARN_CONSTANT_CONVERSION = YES;
				CLANG_WARN_DEPRECATED_OBJC_IMPLEMENTATIONS = YES;
				CLANG_WARN_DIRECT_OBJC_ISA_USAGE = YES_ERROR;
				CLANG_WARN_DOCUMENTATION_COMMENTS = YES;
				CLANG_WARN_EMPTY_BODY = YES;
				CLANG_WARN_ENUM_CONVERSION = YES;
				CLANG_WARN_INFINITE_RECURSION = YES;
				CLANG_WARN_INT_CONVERSION = YES;
				CLANG_WARN_NON_LITERAL_NULL_CONVERSION = YES;
				CLANG_WARN_OBJC_IMPLICIT_RETAIN_SELF = YES;
				CLANG_WARN_OBJC_LITERAL_CONVERSION = YES;
				CLANG_WARN_OBJC_ROOT_CLASS = YES_ERROR;
				CLANG_WARN_QUOTED_INCLUDE_IN_FRAMEWORK_HEADER = YES;
				CLANG_WARN_RANGE_LOOP_ANALYSIS = YES;
				CLANG_WARN_STRICT_PROTOTYPES = YES;
				CLANG_WARN_SUSPICIOUS_MOVE = YES;
				CLANG_WARN_UNGUARDED_AVAILABILITY = YES_AGGRESSIVE;
				CLANG_WARN_UNREACHABLE_CODE = YES;
				CLANG_WARN__DUPLICATE_METHOD_MATCH = YES;
				COPY_PHASE_STRIP = NO;
				DEBUG_INFORMATION_FORMAT = dwarf;
				ENABLE_STRICT_OBJC_MSGSEND = YES;
				ENABLE_TESTABILITY = YES;
				GCC_C_LANGUAGE_STANDARD = gnu11;
				GCC_DYNAMIC_NO_PIC = NO;
				GCC_NO_COMMON_BLOCKS = YES;
				GCC_OPTIMIZATION_LEVEL = 0;
				GCC_PREPROCESSOR_DEFINITIONS = (
					"DEBUG=1",
					"$(inherited)",
				);
				GCC_WARN_64_TO_32_BIT_CONVERSION = YES;
				GCC_WARN_ABOUT_RETURN_TYPE = YES_ERROR;
				GCC_WARN_UNDECLARED_SELECTOR = YES;
				GCC_WARN_UNINITIALIZED_AUTOS = YES_AGGRESSIVE;
				GCC_WARN_UNUSED_FUNCTION = YES;
				GCC_WARN_UNUSED_VARIABLE = YES;
				IPHONEOS_DEPLOYMENT_TARGET = 16.2;
				MTL_ENABLE_DEBUG_INFO = INCLUDE_SOURCE;
				MTL_FAST_MATH = YES;
				ONLY_ACTIVE_ARCH = YES;
				SDKROOT = iphoneos;
				SWIFT_ACTIVE_COMPILATION_CONDITIONS = DEBUG;
				SWIFT_OPTIMIZATION_LEVEL = "-Onone";
			};
			name = Debug;
		};
		B4402C122A31BEB500B1CC46 /* Release */ = {
			isa = XCBuildConfiguration;
			buildSettings = {
				ALWAYS_SEARCH_USER_PATHS = NO;
				CLANG_ANALYZER_NONNULL = YES;
				CLANG_ANALYZER_NUMBER_OBJECT_CONVERSION = YES_AGGRESSIVE;
				CLANG_CXX_LANGUAGE_STANDARD = "gnu++20";
				CLANG_ENABLE_MODULES = YES;
				CLANG_ENABLE_OBJC_ARC = YES;
				CLANG_ENABLE_OBJC_WEAK = YES;
				CLANG_WARN_BLOCK_CAPTURE_AUTORELEASING = YES;
				CLANG_WARN_BOOL_CONVERSION = YES;
				CLANG_WARN_COMMA = YES;
				CLANG_WARN_CONSTANT_CONVERSION = YES;
				CLANG_WARN_DEPRECATED_OBJC_IMPLEMENTATIONS = YES;
				CLANG_WARN_DIRECT_OBJC_ISA_USAGE = YES_ERROR;
				CLANG_WARN_DOCUMENTATION_COMMENTS = YES;
				CLANG_WARN_EMPTY_BODY = YES;
				CLANG_WARN_ENUM_CONVERSION = YES;
				CLANG_WARN_INFINITE_RECURSION = YES;
				CLANG_WARN_INT_CONVERSION = YES;
				CLANG_WARN_NON_LITERAL_NULL_CONVERSION = YES;
				CLANG_WARN_OBJC_IMPLICIT_RETAIN_SELF = YES;
				CLANG_WARN_OBJC_LITERAL_CONVERSION = YES;
				CLANG_WARN_OBJC_ROOT_CLASS = YES_ERROR;
				CLANG_WARN_QUOTED_INCLUDE_IN_FRAMEWORK_HEADER = YES;
				CLANG_WARN_RANGE_LOOP_ANALYSIS = YES;
				CLANG_WARN_STRICT_PROTOTYPES = YES;
				CLANG_WARN_SUSPICIOUS_MOVE = YES;
				CLANG_WARN_UNGUARDED_AVAILABILITY = YES_AGGRESSIVE;
				CLANG_WARN_UNREACHABLE_CODE = YES;
				CLANG_WARN__DUPLICATE_METHOD_MATCH = YES;
				COPY_PHASE_STRIP = NO;
				DEBUG_INFORMATION_FORMAT = "dwarf-with-dsym";
				ENABLE_NS_ASSERTIONS = NO;
				ENABLE_STRICT_OBJC_MSGSEND = YES;
				GCC_C_LANGUAGE_STANDARD = gnu11;
				GCC_NO_COMMON_BLOCKS = YES;
				GCC_WARN_64_TO_32_BIT_CONVERSION = YES;
				GCC_WARN_ABOUT_RETURN_TYPE = YES_ERROR;
				GCC_WARN_UNDECLARED_SELECTOR = YES;
				GCC_WARN_UNINITIALIZED_AUTOS = YES_AGGRESSIVE;
				GCC_WARN_UNUSED_FUNCTION = YES;
				GCC_WARN_UNUSED_VARIABLE = YES;
				IPHONEOS_DEPLOYMENT_TARGET = 16.2;
				MTL_ENABLE_DEBUG_INFO = NO;
				MTL_FAST_MATH = YES;
				SDKROOT = iphoneos;
				SWIFT_COMPILATION_MODE = wholemodule;
				SWIFT_OPTIMIZATION_LEVEL = "-O";
				VALIDATE_PRODUCT = YES;
			};
			name = Release;
		};
		B4402C142A31BEB500B1CC46 /* Debug */ = {
			isa = XCBuildConfiguration;
			buildSettings = {
				ASSETCATALOG_COMPILER_APPICON_NAME = AppIcon;
				ASSETCATALOG_COMPILER_GLOBAL_ACCENT_COLOR_NAME = AccentColor;
				CODE_SIGN_STYLE = Automatic;
				CURRENT_PROJECT_VERSION = 1;
				DEVELOPMENT_TEAM = BVXR3NMJ8K;
				GENERATE_INFOPLIST_FILE = YES;
				INFOPLIST_FILE = Player/Info.plist;
				INFOPLIST_KEY_UIApplicationSupportsIndirectInputEvents = YES;
				INFOPLIST_KEY_UILaunchStoryboardName = LaunchScreen;
				INFOPLIST_KEY_UISupportedInterfaceOrientations_iPad = "UIInterfaceOrientationPortrait UIInterfaceOrientationPortraitUpsideDown UIInterfaceOrientationLandscapeLeft UIInterfaceOrientationLandscapeRight";
				INFOPLIST_KEY_UISupportedInterfaceOrientations_iPhone = "UIInterfaceOrientationPortrait UIInterfaceOrientationLandscapeLeft UIInterfaceOrientationLandscapeRight";
				LD_RUNPATH_SEARCH_PATHS = (
					"$(inherited)",
					"@executable_path/Frameworks",
				);
				MARKETING_VERSION = 1.0;
				PRODUCT_BUNDLE_IDENTIFIER = aidarbye.Player;
				PRODUCT_NAME = "$(TARGET_NAME)";
				SWIFT_EMIT_LOC_STRINGS = YES;
				SWIFT_VERSION = 5.0;
				TARGETED_DEVICE_FAMILY = "1,2";
			};
			name = Debug;
		};
		B4402C152A31BEB500B1CC46 /* Release */ = {
			isa = XCBuildConfiguration;
			buildSettings = {
				ASSETCATALOG_COMPILER_APPICON_NAME = AppIcon;
				ASSETCATALOG_COMPILER_GLOBAL_ACCENT_COLOR_NAME = AccentColor;
				CODE_SIGN_STYLE = Automatic;
				CURRENT_PROJECT_VERSION = 1;
				DEVELOPMENT_TEAM = BVXR3NMJ8K;
				GENERATE_INFOPLIST_FILE = YES;
				INFOPLIST_FILE = Player/Info.plist;
				INFOPLIST_KEY_UIApplicationSupportsIndirectInputEvents = YES;
				INFOPLIST_KEY_UILaunchStoryboardName = LaunchScreen;
				INFOPLIST_KEY_UISupportedInterfaceOrientations_iPad = "UIInterfaceOrientationPortrait UIInterfaceOrientationPortraitUpsideDown UIInterfaceOrientationLandscapeLeft UIInterfaceOrientationLandscapeRight";
				INFOPLIST_KEY_UISupportedInterfaceOrientations_iPhone = "UIInterfaceOrientationPortrait UIInterfaceOrientationLandscapeLeft UIInterfaceOrientationLandscapeRight";
				LD_RUNPATH_SEARCH_PATHS = (
					"$(inherited)",
					"@executable_path/Frameworks",
				);
				MARKETING_VERSION = 1.0;
				PRODUCT_BUNDLE_IDENTIFIER = aidarbye.Player;
				PRODUCT_NAME = "$(TARGET_NAME)";
				SWIFT_EMIT_LOC_STRINGS = YES;
				SWIFT_VERSION = 5.0;
				TARGETED_DEVICE_FAMILY = "1,2";
			};
			name = Release;
		};
/* End XCBuildConfiguration section */

/* Begin XCConfigurationList section */
		B4402BFA2A31BEB300B1CC46 /* Build configuration list for PBXProject "Player" */ = {
			isa = XCConfigurationList;
			buildConfigurations = (
				B4402C112A31BEB500B1CC46 /* Debug */,
				B4402C122A31BEB500B1CC46 /* Release */,
			);
			defaultConfigurationIsVisible = 0;
			defaultConfigurationName = Release;
		};
		B4402C132A31BEB500B1CC46 /* Build configuration list for PBXNativeTarget "Player" */ = {
			isa = XCConfigurationList;
			buildConfigurations = (
				B4402C142A31BEB500B1CC46 /* Debug */,
				B4402C152A31BEB500B1CC46 /* Release */,
			);
			defaultConfigurationIsVisible = 0;
			defaultConfigurationName = Release;
		};
/* End XCConfigurationList section */

/* Begin XCRemoteSwiftPackageReference section */
		B490B7802A31C19D004F6F15 /* XCRemoteSwiftPackageReference "SnapKit" */ = {
			isa = XCRemoteSwiftPackageReference;
			repositoryURL = "https://github.com/SnapKit/SnapKit";
			requirement = {
				branch = develop;
				kind = branch;
			};
		};
/* End XCRemoteSwiftPackageReference section */

/* Begin XCSwiftPackageProductDependency section */
		B490B7812A31C19D004F6F15 /* SnapKit */ = {
			isa = XCSwiftPackageProductDependency;
			package = B490B7802A31C19D004F6F15 /* XCRemoteSwiftPackageReference "SnapKit" */;
			productName = SnapKit;
		};
/* End XCSwiftPackageProductDependency section */
	};
	rootObject = B4402BF72A31BEB300B1CC46 /* Project object */;
}
